
Microsoft Visual Studio Solution File, Format Version 12.00
# Visual Studio 15
VisualStudioVersion = 15.0.28010.2050
MinimumVisualStudioVersion = 10.0.40219.1
Project("{FAE04EC0-301F-11D3-BF4B-00C04F79EFBC}") = "HelloArduino", "HelloArduino\HelloArduino.csproj", "{D4AD5476-7743-427B-8C2C-120A39B3A4FC}"
EndProject
Global
	GlobalSection(SolutionConfigurationPlatforms) = preSolution
		Debug|Any CPU = Debug|Any CPU
		Release|Any CPU = Release|Any CPU
	EndGlobalSection
	GlobalSection(ProjectConfigurationPlatforms) = postSolution
		{D4AD5476-7743-427B-8C2C-120A39B3A4FC}.Debug|Any CPU.ActiveCfg = Debug|Any CPU
		{D4AD5476-7743-427B-8C2C-120A39B3A4FC}.Debug|Any CPU.Build.0 = Debug|Any CPU
		{D4AD5476-7743-427B-8C2C-120A39B3A4FC}.Release|Any CPU.ActiveCfg = Release|Any CPU
		{D4AD5476-7743-427B-8C2C-120A39B3A4FC}.Release|Any CPU.Build.0 = Release|Any CPU
	EndGlobalSection
	GlobalSection(SolutionProperties) = preSolution
		HideSolutionNode = FALSE
	EndGlobalSection
	GlobalSection(ExtensibilityGlobals) = postSolution
		SolutionGuid = {B676BDCC-46A9-42AE-A3DE-C2511CEF1775}
	EndGlobalSection
EndGlobal
